
Microsoft Visual Studio Solution File, Format Version 12.00
# Visual Studio 2013
VisualStudioVersion = 12.0.30110.0
MinimumVisualStudioVersion = 10.0.40219.1
Project("{FAE04EC0-301F-11D3-BF4B-00C04F79EFBC}") = "Set", "Set\Set.csproj", "{BB7619BF-69D3-434E-A3AA-BC8459B6DED8}"
EndProject
Project("{FAE04EC0-301F-11D3-BF4B-00C04F79EFBC}") = "SetTests", "SetTests\SetTests.csproj", "{288606E0-95FF-4C77-A6C5-A0C6D2AF49C6}"
EndProject
Global
	GlobalSection(SolutionConfigurationPlatforms) = preSolution
		Debug|Any CPU = Debug|Any CPU
		Release|Any CPU = Release|Any CPU
	EndGlobalSection
	GlobalSection(ProjectConfigurationPlatforms) = postSolution
		{BB7619BF-69D3-434E-A3AA-BC8459B6DED8}.Debug|Any CPU.ActiveCfg = Debug|Any CPU
		{BB7619BF-69D3-434E-A3AA-BC8459B6DED8}.Debug|Any CPU.Build.0 = Debug|Any CPU
		{BB7619BF-69D3-434E-A3AA-BC8459B6DED8}.Release|Any CPU.ActiveCfg = Release|Any CPU
		{BB7619BF-69D3-434E-A3AA-BC8459B6DED8}.Release|Any CPU.Build.0 = Release|Any CPU
		{288606E0-95FF-4C77-A6C5-A0C6D2AF49C6}.Debug|Any CPU.ActiveCfg = Debug|Any CPU
		{288606E0-95FF-4C77-A6C5-A0C6D2AF49C6}.Debug|Any CPU.Build.0 = Debug|Any CPU
		{288606E0-95FF-4C77-A6C5-A0C6D2AF49C6}.Release|Any CPU.ActiveCfg = Release|Any CPU
		{288606E0-95FF-4C77-A6C5-A0C6D2AF49C6}.Release|Any CPU.Build.0 = Release|Any CPU
	EndGlobalSection
	GlobalSection(SolutionProperties) = preSolution
		HideSolutionNode = FALSE
	EndGlobalSection
EndGlobal
