
Microsoft Visual Studio Solution File, Format Version 12.00
# Visual Studio 2013
VisualStudioVersion = 12.0.30110.0
MinimumVisualStudioVersion = 10.0.40219.1
Project("{FAE04EC0-301F-11D3-BF4B-00C04F79EFBC}") = "FilterFunction", "FilterFunction\FilterFunction.csproj", "{EBF02CAA-36F7-47D7-8134-3588DC7E9C60}"
EndProject
Project("{FAE04EC0-301F-11D3-BF4B-00C04F79EFBC}") = "FilterTests", "FilterTests\FilterTests.csproj", "{B408EDB9-B264-40F9-9D23-1BAFF7A06937}"
EndProject
Global
	GlobalSection(SolutionConfigurationPlatforms) = preSolution
		Debug|Any CPU = Debug|Any CPU
		Release|Any CPU = Release|Any CPU
	EndGlobalSection
	GlobalSection(ProjectConfigurationPlatforms) = postSolution
		{EBF02CAA-36F7-47D7-8134-3588DC7E9C60}.Debug|Any CPU.ActiveCfg = Debug|Any CPU
		{EBF02CAA-36F7-47D7-8134-3588DC7E9C60}.Debug|Any CPU.Build.0 = Debug|Any CPU
		{EBF02CAA-36F7-47D7-8134-3588DC7E9C60}.Release|Any CPU.ActiveCfg = Release|Any CPU
		{EBF02CAA-36F7-47D7-8134-3588DC7E9C60}.Release|Any CPU.Build.0 = Release|Any CPU
		{B408EDB9-B264-40F9-9D23-1BAFF7A06937}.Debug|Any CPU.ActiveCfg = Debug|Any CPU
		{B408EDB9-B264-40F9-9D23-1BAFF7A06937}.Debug|Any CPU.Build.0 = Debug|Any CPU
		{B408EDB9-B264-40F9-9D23-1BAFF7A06937}.Release|Any CPU.ActiveCfg = Release|Any CPU
		{B408EDB9-B264-40F9-9D23-1BAFF7A06937}.Release|Any CPU.Build.0 = Release|Any CPU
	EndGlobalSection
	GlobalSection(SolutionProperties) = preSolution
		HideSolutionNode = FALSE
	EndGlobalSection
EndGlobal
