
Microsoft Visual Studio Solution File, Format Version 12.00
# Visual Studio 2013
VisualStudioVersion = 12.0.30110.0
MinimumVisualStudioVersion = 10.0.40219.1
Project("{FAE04EC0-301F-11D3-BF4B-00C04F79EFBC}") = "Fibonacci", "s2.h1.2\Fibonacci.csproj", "{C4CFD2A3-9A17-4632-8D54-D3E751393F2E}"
EndProject
Project("{FAE04EC0-301F-11D3-BF4B-00C04F79EFBC}") = "FibonacciTest", "FunctionTest\FibonacciTest.csproj", "{352BFF65-4D5D-4DD9-AC4D-4998C42D7F90}"
EndProject
Global
	GlobalSection(SolutionConfigurationPlatforms) = preSolution
		Debug|Any CPU = Debug|Any CPU
		Release|Any CPU = Release|Any CPU
	EndGlobalSection
	GlobalSection(ProjectConfigurationPlatforms) = postSolution
		{C4CFD2A3-9A17-4632-8D54-D3E751393F2E}.Debug|Any CPU.ActiveCfg = Debug|Any CPU
		{C4CFD2A3-9A17-4632-8D54-D3E751393F2E}.Debug|Any CPU.Build.0 = Debug|Any CPU
		{C4CFD2A3-9A17-4632-8D54-D3E751393F2E}.Release|Any CPU.ActiveCfg = Release|Any CPU
		{C4CFD2A3-9A17-4632-8D54-D3E751393F2E}.Release|Any CPU.Build.0 = Release|Any CPU
		{352BFF65-4D5D-4DD9-AC4D-4998C42D7F90}.Debug|Any CPU.ActiveCfg = Debug|Any CPU
		{352BFF65-4D5D-4DD9-AC4D-4998C42D7F90}.Debug|Any CPU.Build.0 = Debug|Any CPU
		{352BFF65-4D5D-4DD9-AC4D-4998C42D7F90}.Release|Any CPU.ActiveCfg = Release|Any CPU
		{352BFF65-4D5D-4DD9-AC4D-4998C42D7F90}.Release|Any CPU.Build.0 = Release|Any CPU
	EndGlobalSection
	GlobalSection(SolutionProperties) = preSolution
		HideSolutionNode = FALSE
	EndGlobalSection
EndGlobal
